
Microsoft Visual Studio Solution File, Format Version 12.00
# Visual Studio 14
VisualStudioVersion = 14.0.25420.1
MinimumVisualStudioVersion = 10.0.40219.1
Project("{FAE04EC0-301F-11D3-BF4B-00C04F79EFBC}") = "FleetDaemon", "FleetDaemon\FleetDaemon.csproj", "{5682FDB7-8AC3-4C06-87AF-309AEB5B987D}"
EndProject
Project("{D954291E-2A0B-460D-934E-DC6B0785DB48}") = "FleetIPC", "FleetIPC\FleetIPC.shproj", "{2C6BA6F9-67FC-44EE-8978-EBBF1DB1E6A4}"
EndProject
Project("{FAE04EC0-301F-11D3-BF4B-00C04F79EFBC}") = "FileShare", "FileShare\FileShare.csproj", "{E5ABEC53-D8B6-4C9D-BAAD-EA3FFD4A68C9}"
EndProject
Project("{FAE04EC0-301F-11D3-BF4B-00C04F79EFBC}") = "FileAccept", "FileAccept\FileAccept.csproj", "{00B79463-9330-45FA-9752-DE7C7D3EF17A}"
EndProject
Global
	GlobalSection(SharedMSBuildProjectFiles) = preSolution
		FleetIPC\FleetIPC.projitems*{2c6ba6f9-67fc-44ee-8978-ebbf1db1e6a4}*SharedItemsImports = 13
		FleetIPC\FleetIPC.projitems*{5682fdb7-8ac3-4c06-87af-309aeb5b987d}*SharedItemsImports = 4
		FleetIPC\FleetIPC.projitems*{e5abec53-d8b6-4c9d-baad-ea3ffd4a68c9}*SharedItemsImports = 4
	EndGlobalSection
	GlobalSection(SolutionConfigurationPlatforms) = preSolution
		Debug|Any CPU = Debug|Any CPU
		Release|Any CPU = Release|Any CPU
	EndGlobalSection
	GlobalSection(ProjectConfigurationPlatforms) = postSolution
		{5682FDB7-8AC3-4C06-87AF-309AEB5B987D}.Debug|Any CPU.ActiveCfg = Debug|Any CPU
		{5682FDB7-8AC3-4C06-87AF-309AEB5B987D}.Debug|Any CPU.Build.0 = Debug|Any CPU
		{5682FDB7-8AC3-4C06-87AF-309AEB5B987D}.Release|Any CPU.ActiveCfg = Release|Any CPU
		{5682FDB7-8AC3-4C06-87AF-309AEB5B987D}.Release|Any CPU.Build.0 = Release|Any CPU
		{E5ABEC53-D8B6-4C9D-BAAD-EA3FFD4A68C9}.Debug|Any CPU.ActiveCfg = Debug|Any CPU
		{E5ABEC53-D8B6-4C9D-BAAD-EA3FFD4A68C9}.Debug|Any CPU.Build.0 = Debug|Any CPU
		{E5ABEC53-D8B6-4C9D-BAAD-EA3FFD4A68C9}.Release|Any CPU.ActiveCfg = Release|Any CPU
		{E5ABEC53-D8B6-4C9D-BAAD-EA3FFD4A68C9}.Release|Any CPU.Build.0 = Release|Any CPU
		{00B79463-9330-45FA-9752-DE7C7D3EF17A}.Debug|Any CPU.ActiveCfg = Debug|Any CPU
		{00B79463-9330-45FA-9752-DE7C7D3EF17A}.Debug|Any CPU.Build.0 = Debug|Any CPU
		{00B79463-9330-45FA-9752-DE7C7D3EF17A}.Release|Any CPU.ActiveCfg = Release|Any CPU
		{00B79463-9330-45FA-9752-DE7C7D3EF17A}.Release|Any CPU.Build.0 = Release|Any CPU
	EndGlobalSection
	GlobalSection(SolutionProperties) = preSolution
		HideSolutionNode = FALSE
	EndGlobalSection
EndGlobal
