
Microsoft Visual Studio Solution File, Format Version 12.00
# Visual Studio 14
VisualStudioVersion = 14.0.25420.1
MinimumVisualStudioVersion = 10.0.40219.1
Project("{FAE04EC0-301F-11D3-BF4B-00C04F79EFBC}") = "FleetDaemon", "FleetDaemon\FleetDaemon.csproj", "{5682FDB7-8AC3-4C06-87AF-309AEB5B987D}"
EndProject
Project("{D954291E-2A0B-460D-934E-DC6B0785DB48}") = "FleetIPC", "FleetIPC\FleetIPC.shproj", "{2C6BA6F9-67FC-44EE-8978-EBBF1DB1E6A4}"
EndProject
Project("{FAE04EC0-301F-11D3-BF4B-00C04F79EFBC}") = "FileShare", "FileShare\FileShare.csproj", "{E5ABEC53-D8B6-4C9D-BAAD-EA3FFD4A68C9}"
EndProject
Project("{FAE04EC0-301F-11D3-BF4B-00C04F79EFBC}") = "FileAccept", "FileAccept\FileAccept.csproj", "{00B79463-9330-45FA-9752-DE7C7D3EF17A}"
EndProject
Project("{FAE04EC0-301F-11D3-BF4B-00C04F79EFBC}") = "WorkstationSelector", "WorkstationSelector\WorkstationSelector.csproj", "{47EA1AD4-E128-4961-9C7F-CA26A73E822B}"
EndProject
Project("{D954291E-2A0B-460D-934E-DC6B0785DB48}") = "FileAcceptIPC", "FileAcceptIPC\FileAcceptIPC.shproj", "{63C0FC04-CB56-4E03-A82B-73E5885E86C9}"
EndProject
Project("{D954291E-2A0B-460D-934E-DC6B0785DB48}") = "WorkstationSelectorIPC", "WorkstationSelectorIPC\WorkstationSelectorIPC.shproj", "{AF7A3E41-3D62-43E6-8D99-CEF420387E5A}"
EndProject
Project("{FAE04EC0-301F-11D3-BF4B-00C04F79EFBC}") = "FileInbox", "FileInbox\FileInbox.csproj", "{48C45291-11EB-4BD3-812C-E2DFB51FF635}"
EndProject
Global
	GlobalSection(SharedMSBuildProjectFiles) = preSolution
		FileAcceptIPC\FileAcceptIPC.projitems*{00b79463-9330-45fa-9752-de7c7d3ef17a}*SharedItemsImports = 4
		FleetIPC\FleetIPC.projitems*{00b79463-9330-45fa-9752-de7c7d3ef17a}*SharedItemsImports = 4
		FleetIPC\FleetIPC.projitems*{2c6ba6f9-67fc-44ee-8978-ebbf1db1e6a4}*SharedItemsImports = 13
		WorkstationSelectorIPC\WorkstationSelectorIPC.projitems*{47ea1ad4-e128-4961-9c7f-ca26a73e822b}*SharedItemsImports = 4
		FleetIPC\FleetIPC.projitems*{48c45291-11eb-4bd3-812c-e2dfb51ff635}*SharedItemsImports = 4
		FileAcceptIPC\FileAcceptIPC.projitems*{5682fdb7-8ac3-4c06-87af-309aeb5b987d}*SharedItemsImports = 4
		FleetDaemon\lib\FleetServerClient\FleetServerClient.projitems*{5682fdb7-8ac3-4c06-87af-309aeb5b987d}*SharedItemsImports = 4
		FleetIPC\FleetIPC.projitems*{5682fdb7-8ac3-4c06-87af-309aeb5b987d}*SharedItemsImports = 4
		WorkstationSelectorIPC\WorkstationSelectorIPC.projitems*{5682fdb7-8ac3-4c06-87af-309aeb5b987d}*SharedItemsImports = 4
		FileAcceptIPC\FileAcceptIPC.projitems*{63c0fc04-cb56-4e03-a82b-73e5885e86c9}*SharedItemsImports = 13
		WorkstationSelectorIPC\WorkstationSelectorIPC.projitems*{af7a3e41-3d62-43e6-8d99-cef420387e5a}*SharedItemsImports = 13
		FleetIPC\FleetIPC.projitems*{e5abec53-d8b6-4c9d-baad-ea3ffd4a68c9}*SharedItemsImports = 4
	EndGlobalSection
	GlobalSection(SolutionConfigurationPlatforms) = preSolution
		Debug|Any CPU = Debug|Any CPU
		Debug|ARM = Debug|ARM
		Debug|x64 = Debug|x64
		Debug|x86 = Debug|x86
		Release|Any CPU = Release|Any CPU
		Release|ARM = Release|ARM
		Release|x64 = Release|x64
		Release|x86 = Release|x86
	EndGlobalSection
	GlobalSection(ProjectConfigurationPlatforms) = postSolution
		{5682FDB7-8AC3-4C06-87AF-309AEB5B987D}.Debug|Any CPU.ActiveCfg = Debug|Any CPU
		{5682FDB7-8AC3-4C06-87AF-309AEB5B987D}.Debug|Any CPU.Build.0 = Debug|Any CPU
		{5682FDB7-8AC3-4C06-87AF-309AEB5B987D}.Debug|ARM.ActiveCfg = Debug|Any CPU
		{5682FDB7-8AC3-4C06-87AF-309AEB5B987D}.Debug|ARM.Build.0 = Debug|Any CPU
		{5682FDB7-8AC3-4C06-87AF-309AEB5B987D}.Debug|x64.ActiveCfg = Debug|Any CPU
		{5682FDB7-8AC3-4C06-87AF-309AEB5B987D}.Debug|x64.Build.0 = Debug|Any CPU
		{5682FDB7-8AC3-4C06-87AF-309AEB5B987D}.Debug|x86.ActiveCfg = Debug|Any CPU
		{5682FDB7-8AC3-4C06-87AF-309AEB5B987D}.Debug|x86.Build.0 = Debug|Any CPU
		{5682FDB7-8AC3-4C06-87AF-309AEB5B987D}.Release|Any CPU.ActiveCfg = Release|Any CPU
		{5682FDB7-8AC3-4C06-87AF-309AEB5B987D}.Release|Any CPU.Build.0 = Release|Any CPU
		{5682FDB7-8AC3-4C06-87AF-309AEB5B987D}.Release|ARM.ActiveCfg = Release|Any CPU
		{5682FDB7-8AC3-4C06-87AF-309AEB5B987D}.Release|ARM.Build.0 = Release|Any CPU
		{5682FDB7-8AC3-4C06-87AF-309AEB5B987D}.Release|x64.ActiveCfg = Release|Any CPU
		{5682FDB7-8AC3-4C06-87AF-309AEB5B987D}.Release|x64.Build.0 = Release|Any CPU
		{5682FDB7-8AC3-4C06-87AF-309AEB5B987D}.Release|x86.ActiveCfg = Release|Any CPU
		{5682FDB7-8AC3-4C06-87AF-309AEB5B987D}.Release|x86.Build.0 = Release|Any CPU
		{E5ABEC53-D8B6-4C9D-BAAD-EA3FFD4A68C9}.Debug|Any CPU.ActiveCfg = Debug|Any CPU
		{E5ABEC53-D8B6-4C9D-BAAD-EA3FFD4A68C9}.Debug|Any CPU.Build.0 = Debug|Any CPU
		{E5ABEC53-D8B6-4C9D-BAAD-EA3FFD4A68C9}.Debug|ARM.ActiveCfg = Debug|Any CPU
		{E5ABEC53-D8B6-4C9D-BAAD-EA3FFD4A68C9}.Debug|ARM.Build.0 = Debug|Any CPU
		{E5ABEC53-D8B6-4C9D-BAAD-EA3FFD4A68C9}.Debug|x64.ActiveCfg = Debug|Any CPU
		{E5ABEC53-D8B6-4C9D-BAAD-EA3FFD4A68C9}.Debug|x64.Build.0 = Debug|Any CPU
		{E5ABEC53-D8B6-4C9D-BAAD-EA3FFD4A68C9}.Debug|x86.ActiveCfg = Debug|Any CPU
		{E5ABEC53-D8B6-4C9D-BAAD-EA3FFD4A68C9}.Debug|x86.Build.0 = Debug|Any CPU
		{E5ABEC53-D8B6-4C9D-BAAD-EA3FFD4A68C9}.Release|Any CPU.ActiveCfg = Release|Any CPU
		{E5ABEC53-D8B6-4C9D-BAAD-EA3FFD4A68C9}.Release|Any CPU.Build.0 = Release|Any CPU
		{E5ABEC53-D8B6-4C9D-BAAD-EA3FFD4A68C9}.Release|ARM.ActiveCfg = Release|Any CPU
		{E5ABEC53-D8B6-4C9D-BAAD-EA3FFD4A68C9}.Release|ARM.Build.0 = Release|Any CPU
		{E5ABEC53-D8B6-4C9D-BAAD-EA3FFD4A68C9}.Release|x64.ActiveCfg = Release|Any CPU
		{E5ABEC53-D8B6-4C9D-BAAD-EA3FFD4A68C9}.Release|x64.Build.0 = Release|Any CPU
		{E5ABEC53-D8B6-4C9D-BAAD-EA3FFD4A68C9}.Release|x86.ActiveCfg = Release|Any CPU
		{E5ABEC53-D8B6-4C9D-BAAD-EA3FFD4A68C9}.Release|x86.Build.0 = Release|Any CPU
		{00B79463-9330-45FA-9752-DE7C7D3EF17A}.Debug|Any CPU.ActiveCfg = Debug|Any CPU
		{00B79463-9330-45FA-9752-DE7C7D3EF17A}.Debug|Any CPU.Build.0 = Debug|Any CPU
		{00B79463-9330-45FA-9752-DE7C7D3EF17A}.Debug|ARM.ActiveCfg = Debug|Any CPU
		{00B79463-9330-45FA-9752-DE7C7D3EF17A}.Debug|ARM.Build.0 = Debug|Any CPU
		{00B79463-9330-45FA-9752-DE7C7D3EF17A}.Debug|x64.ActiveCfg = Debug|Any CPU
		{00B79463-9330-45FA-9752-DE7C7D3EF17A}.Debug|x64.Build.0 = Debug|Any CPU
		{00B79463-9330-45FA-9752-DE7C7D3EF17A}.Debug|x86.ActiveCfg = Debug|Any CPU
		{00B79463-9330-45FA-9752-DE7C7D3EF17A}.Debug|x86.Build.0 = Debug|Any CPU
		{00B79463-9330-45FA-9752-DE7C7D3EF17A}.Release|Any CPU.ActiveCfg = Release|Any CPU
		{00B79463-9330-45FA-9752-DE7C7D3EF17A}.Release|Any CPU.Build.0 = Release|Any CPU
		{00B79463-9330-45FA-9752-DE7C7D3EF17A}.Release|ARM.ActiveCfg = Release|Any CPU
		{00B79463-9330-45FA-9752-DE7C7D3EF17A}.Release|ARM.Build.0 = Release|Any CPU
		{00B79463-9330-45FA-9752-DE7C7D3EF17A}.Release|x64.ActiveCfg = Release|Any CPU
		{00B79463-9330-45FA-9752-DE7C7D3EF17A}.Release|x64.Build.0 = Release|Any CPU
		{00B79463-9330-45FA-9752-DE7C7D3EF17A}.Release|x86.ActiveCfg = Release|Any CPU
		{00B79463-9330-45FA-9752-DE7C7D3EF17A}.Release|x86.Build.0 = Release|Any CPU
		{47EA1AD4-E128-4961-9C7F-CA26A73E822B}.Debug|Any CPU.ActiveCfg = Debug|Any CPU
		{47EA1AD4-E128-4961-9C7F-CA26A73E822B}.Debug|Any CPU.Build.0 = Debug|Any CPU
		{47EA1AD4-E128-4961-9C7F-CA26A73E822B}.Debug|ARM.ActiveCfg = Debug|Any CPU
		{47EA1AD4-E128-4961-9C7F-CA26A73E822B}.Debug|ARM.Build.0 = Debug|Any CPU
		{47EA1AD4-E128-4961-9C7F-CA26A73E822B}.Debug|x64.ActiveCfg = Debug|Any CPU
		{47EA1AD4-E128-4961-9C7F-CA26A73E822B}.Debug|x64.Build.0 = Debug|Any CPU
		{47EA1AD4-E128-4961-9C7F-CA26A73E822B}.Debug|x86.ActiveCfg = Debug|Any CPU
		{47EA1AD4-E128-4961-9C7F-CA26A73E822B}.Debug|x86.Build.0 = Debug|Any CPU
		{47EA1AD4-E128-4961-9C7F-CA26A73E822B}.Release|Any CPU.ActiveCfg = Release|Any CPU
		{47EA1AD4-E128-4961-9C7F-CA26A73E822B}.Release|Any CPU.Build.0 = Release|Any CPU
		{47EA1AD4-E128-4961-9C7F-CA26A73E822B}.Release|ARM.ActiveCfg = Release|Any CPU
		{47EA1AD4-E128-4961-9C7F-CA26A73E822B}.Release|ARM.Build.0 = Release|Any CPU
		{47EA1AD4-E128-4961-9C7F-CA26A73E822B}.Release|x64.ActiveCfg = Release|Any CPU
		{47EA1AD4-E128-4961-9C7F-CA26A73E822B}.Release|x64.Build.0 = Release|Any CPU
		{47EA1AD4-E128-4961-9C7F-CA26A73E822B}.Release|x86.ActiveCfg = Release|Any CPU
		{47EA1AD4-E128-4961-9C7F-CA26A73E822B}.Release|x86.Build.0 = Release|Any CPU
		{48C45291-11EB-4BD3-812C-E2DFB51FF635}.Debug|Any CPU.ActiveCfg = Debug|Any CPU
		{48C45291-11EB-4BD3-812C-E2DFB51FF635}.Debug|Any CPU.Build.0 = Debug|Any CPU
		{48C45291-11EB-4BD3-812C-E2DFB51FF635}.Debug|ARM.ActiveCfg = Debug|Any CPU
		{48C45291-11EB-4BD3-812C-E2DFB51FF635}.Debug|ARM.Build.0 = Debug|Any CPU
		{48C45291-11EB-4BD3-812C-E2DFB51FF635}.Debug|x64.ActiveCfg = Debug|Any CPU
		{48C45291-11EB-4BD3-812C-E2DFB51FF635}.Debug|x64.Build.0 = Debug|Any CPU
		{48C45291-11EB-4BD3-812C-E2DFB51FF635}.Debug|x86.ActiveCfg = Debug|Any CPU
		{48C45291-11EB-4BD3-812C-E2DFB51FF635}.Debug|x86.Build.0 = Debug|Any CPU
		{48C45291-11EB-4BD3-812C-E2DFB51FF635}.Release|Any CPU.ActiveCfg = Release|Any CPU
		{48C45291-11EB-4BD3-812C-E2DFB51FF635}.Release|Any CPU.Build.0 = Release|Any CPU
		{48C45291-11EB-4BD3-812C-E2DFB51FF635}.Release|ARM.ActiveCfg = Release|Any CPU
		{48C45291-11EB-4BD3-812C-E2DFB51FF635}.Release|ARM.Build.0 = Release|Any CPU
		{48C45291-11EB-4BD3-812C-E2DFB51FF635}.Release|x64.ActiveCfg = Release|Any CPU
		{48C45291-11EB-4BD3-812C-E2DFB51FF635}.Release|x64.Build.0 = Release|Any CPU
		{48C45291-11EB-4BD3-812C-E2DFB51FF635}.Release|x86.ActiveCfg = Release|Any CPU
		{48C45291-11EB-4BD3-812C-E2DFB51FF635}.Release|x86.Build.0 = Release|Any CPU
	EndGlobalSection
	GlobalSection(SolutionProperties) = preSolution
		HideSolutionNode = FALSE
	EndGlobalSection
EndGlobal
